{
  "originHash" : "96ab2f40c501bdadeea99efa9dac83a750832d041073e6a0d2c11e227196dab3",
  "pins" : [
    {
      "identity" : "lucide-icons-swift",
      "kind" : "remoteSourceControl",
      "location" : "https://github.com/JakubMazur/lucide-icons-swift.git",
      "state" : {
        "revision" : "c043c746bef6b2a5cf8ebc3015356645a539e05d",
        "version" : "1.27.0"
      }
    }
  ],
  "version" : 3
}
